<?xml version="1.0" encoding="utf-8"?>
<Project ToolsVersion="4.0" xmlns="http://schemas.microsoft.com/developer/msbuild/2003">
  <ItemGroup>
    <Filter Include="Array">
      <UniqueIdentifier>{681ced93-249a-412b-be4f-95c11c415c9e}</UniqueIdentifier>
    </Filter>
    <Filter Include="Puntero">
      <UniqueIdentifier>{7e0ecc97-86a2-4039-abc5-34caef6ee0a1}</UniqueIdentifier>
    </Filter>
    <Filter Include="Cadena">
      <UniqueIdentifier>{29784b4f-d1b6-441a-8b35-3a4ba7bdc5d4}</UniqueIdentifier>
    </Filter>
    <Filter Include="Comparador">
      <UniqueIdentifier>{4556a59f-c992-4b37-b26a-b67d7d3b0572}</UniqueIdentifier>
    </Filter>
    <Filter Include="Hash">
      <UniqueIdentifier>{be27e258-f348-497e-96a5-a773d835469e}</UniqueIdentifier>
    </Filter>
    <Filter Include="Iterable">
      <UniqueIdentifier>{704d61c3-20d1-4cf1-b4a5-7c209077b64f}</UniqueIdentifier>
    </Filter>
    <Filter Include="Matriz">
      <UniqueIdentifier>{bfc8c6a2-370c-4e98-a7c2-dc1f4b5fb8a1}</UniqueIdentifier>
    </Filter>
    <Filter Include="MemoryShare">
      <UniqueIdentifier>{68e8debe-aa16-4724-8679-ac30d7a67ad1}</UniqueIdentifier>
    </Filter>
    <Filter Include="Pruebas">
      <UniqueIdentifier>{e62e3dd9-3786-4518-a163-98aab06b7585}</UniqueIdentifier>
    </Filter>
    <Filter Include="Tupla">
      <UniqueIdentifier>{78e86f5d-5297-401e-98d9-35f039def929}</UniqueIdentifier>
    </Filter>
    <Filter Include="Conversor">
      <UniqueIdentifier>{d3c19e1b-ffe8-4d45-8f41-6864f5ed0885}</UniqueIdentifier>
    </Filter>
    <Filter Include="Funciones">
      <UniqueIdentifier>{4abd7587-3b61-4d0d-9f69-430650cb94be}</UniqueIdentifier>
    </Filter>
  </ItemGroup>
  <ItemGroup>
    <ClCompile Include="Array.cpp">
      <Filter>Array</Filter>
    </ClCompile>
    <ClCompile Include="ArrayIteracion.cpp">
      <Filter>Array</Filter>
    </ClCompile>
    <ClCompile Include="Puntero.cpp">
      <Filter>Puntero</Filter>
    </ClCompile>
    <ClCompile Include="Cadena.cpp">
      <Filter>Cadena</Filter>
    </ClCompile>
    <ClCompile Include="Comparador.cpp">
      <Filter>Comparador</Filter>
    </ClCompile>
    <ClCompile Include="CadenaFuncionHash.cpp">
      <Filter>Hash</Filter>
    </ClCompile>
    <ClCompile Include="ConcatIteracion.cpp">
      <Filter>Iterable</Filter>
    </ClCompile>
    <ClCompile Include="ConvertIteracion.cpp">
      <Filter>Iterable</Filter>
    </ClCompile>
    <ClCompile Include="Iterador.cpp">
      <Filter>Iterable</Filter>
    </ClCompile>
    <ClCompile Include="Matriz.cpp">
      <Filter>Matriz</Filter>
    </ClCompile>
    <ClCompile Include="MatrizIteracion.cpp">
      <Filter>Matriz</Filter>
    </ClCompile>
    <ClCompile Include="MemoryShare.cpp">
      <Filter>MemoryShare</Filter>
    </ClCompile>
    <ClCompile Include="ConductorPrueba.cpp">
      <Filter>Pruebas</Filter>
    </ClCompile>
    <ClCompile Include="EstadisticaPrueba.cpp">
      <Filter>Pruebas</Filter>
    </ClCompile>
    <ClCompile Include="ManejadorImpresion.cpp">
      <Filter>Pruebas</Filter>
    </ClCompile>
    <ClCompile Include="ManejadorImpresionTxt.cpp">
      <Filter>Pruebas</Filter>
    </ClCompile>
    <ClCompile Include="ManejadorImpresionXml.cpp">
      <Filter>Pruebas</Filter>
    </ClCompile>
    <ClCompile Include="Prueba.cpp">
      <Filter>Pruebas</Filter>
    </ClCompile>
    <ClCompile Include="PruebaMemoria.cpp">
      <Filter>Pruebas</Filter>
    </ClCompile>
    <ClCompile Include="Tupla.cpp">
      <Filter>Tupla</Filter>
    </ClCompile>
  </ItemGroup>
  <ItemGroup>
    <ClInclude Include="Array.h">
      <Filter>Array</Filter>
    </ClInclude>
    <ClInclude Include="ArrayIteracion.h">
      <Filter>Array</Filter>
    </ClInclude>
    <ClInclude Include="Puntero.h">
      <Filter>Puntero</Filter>
    </ClInclude>
    <ClInclude Include="Cadena.h">
      <Filter>Cadena</Filter>
    </ClInclude>
    <ClInclude Include="Comparador.h">
      <Filter>Comparador</Filter>
    </ClInclude>
    <ClInclude Include="CadenaFuncionHash.h">
      <Filter>Hash</Filter>
    </ClInclude>
    <ClInclude Include="FuncionHash.h">
      <Filter>Hash</Filter>
    </ClInclude>
    <ClInclude Include="IntFuncionHash.h">
      <Filter>Hash</Filter>
    </ClInclude>
    <ClInclude Include="LongFuncionHash.h">
      <Filter>Hash</Filter>
    </ClInclude>
    <ClInclude Include="NaturalFuncionHash.h">
      <Filter>Hash</Filter>
    </ClInclude>
    <ClInclude Include="ConcatIteracion.h">
      <Filter>Iterable</Filter>
    </ClInclude>
    <ClInclude Include="ConvertIteracion.h">
      <Filter>Iterable</Filter>
    </ClInclude>
    <ClInclude Include="Iterable.h">
      <Filter>Iterable</Filter>
    </ClInclude>
    <ClInclude Include="Iteracion.h">
      <Filter>Iterable</Filter>
    </ClInclude>
    <ClInclude Include="Iterador.h">
      <Filter>Iterable</Filter>
    </ClInclude>
    <ClInclude Include="Matriz.h">
      <Filter>Matriz</Filter>
    </ClInclude>
    <ClInclude Include="MatrizIteracion.h">
      <Filter>Matriz</Filter>
    </ClInclude>
    <ClInclude Include="MemoryShare.h">
      <Filter>MemoryShare</Filter>
    </ClInclude>
    <ClInclude Include="ConductorPrueba.h">
      <Filter>Pruebas</Filter>
    </ClInclude>
    <ClInclude Include="EstadisticaPrueba.h">
      <Filter>Pruebas</Filter>
    </ClInclude>
    <ClInclude Include="ManejadorImpresion.h">
      <Filter>Pruebas</Filter>
    </ClInclude>
    <ClInclude Include="ManejadorImpresionTxt.h">
      <Filter>Pruebas</Filter>
    </ClInclude>
    <ClInclude Include="ManejadorImpresionXml.h">
      <Filter>Pruebas</Filter>
    </ClInclude>
    <ClInclude Include="Prueba.h">
      <Filter>Pruebas</Filter>
    </ClInclude>
    <ClInclude Include="PruebaMemoria.h">
      <Filter>Pruebas</Filter>
    </ClInclude>
    <ClInclude Include="TipoRetorno.h">
      <Filter>Pruebas</Filter>
    </ClInclude>
    <ClInclude Include="Tupla.h">
      <Filter>Tupla</Filter>
    </ClInclude>
    <ClInclude Include="Conversor.h">
      <Filter>Conversor</Filter>
    </ClInclude>
    <ClInclude Include="ConversorCast.h">
      <Filter>Conversor</Filter>
    </ClInclude>
    <ClInclude Include="ConversorIterableIterador.h">
      <Filter>Conversor</Filter>
    </ClInclude>
    <ClInclude Include="ConversorTuplaDato1.h">
      <Filter>Conversor</Filter>
    </ClInclude>
    <ClInclude Include="ConversorTuplaDato2.h">
      <Filter>Conversor</Filter>
    </ClInclude>
    <ClInclude Include="ConversorTuplaDato3.h">
      <Filter>Conversor</Filter>
    </ClInclude>
    <ClInclude Include="ConversorTuplaDato4.h">
      <Filter>Conversor</Filter>
    </ClInclude>
    <ClInclude Include="Funcion.h">
      <Filter>Funciones</Filter>
    </ClInclude>
    <ClInclude Include="ExpandirTupla1_2.h">
      <Filter>Conversor</Filter>
    </ClInclude>
    <ClInclude Include="ExpandirTupla1_3.h">
      <Filter>Conversor</Filter>
    </ClInclude>
    <ClInclude Include="ExpandirTupla2_2.h">
      <Filter>Conversor</Filter>
    </ClInclude>
    <ClInclude Include="ExpandirTupla2_3.h">
      <Filter>Conversor</Filter>
    </ClInclude>
    <ClInclude Include="ExpandirTupla3_2.h">
      <Filter>Conversor</Filter>
    </ClInclude>
    <ClInclude Include="Comparacion.h">
      <Filter>Comparador</Filter>
    </ClInclude>
  </ItemGroup>
</Project>